
Microsoft Visual Studio Solution File, Format Version 12.00
# Visual Studio Version 16
VisualStudioVersion = 16.0.34931.43
MinimumVisualStudioVersion = 10.0.40219.1
Project("{FAE04EC0-301F-11D3-BF4B-00C04F79EFBC}") = "YJITHELP", "YJITHELP\YJITHELP.csproj", "{F450E6C8-99C5-43F2-A5D6-55DD1CD8E3CF}"
EndProject
Global
	GlobalSection(SolutionConfigurationPlatforms) = preSolution
		Debug|Any CPU = Debug|Any CPU
		Release|Any CPU = Release|Any CPU
	EndGlobalSection
	GlobalSection(ProjectConfigurationPlatforms) = postSolution
		{F450E6C8-99C5-43F2-A5D6-55DD1CD8E3CF}.Debug|Any CPU.ActiveCfg = Debug|Any CPU
		{F450E6C8-99C5-43F2-A5D6-55DD1CD8E3CF}.Debug|Any CPU.Build.0 = Debug|Any CPU
		{F450E6C8-99C5-43F2-A5D6-55DD1CD8E3CF}.Release|Any CPU.ActiveCfg = Release|Any CPU
		{F450E6C8-99C5-43F2-A5D6-55DD1CD8E3CF}.Release|Any CPU.Build.0 = Release|Any CPU
	EndGlobalSection
	GlobalSection(SolutionProperties) = preSolution
		HideSolutionNode = FALSE
	EndGlobalSection
	GlobalSection(ExtensibilityGlobals) = postSolution
		SolutionGuid = {BAC3EBD1-5C86-4C81-9C93-B2A3C9D06229}
	EndGlobalSection
EndGlobal
